
Microsoft Visual Studio Solution File, Format Version 12.00
# Visual Studio Version 16
VisualStudioVersion = 16.0.30907.101
MinimumVisualStudioVersion = 10.0.40219.1
Project("{FAE04EC0-301F-11D3-BF4B-00C04F79EFBC}") = "Lesson3.2", "Lesson3.2\Lesson3.2.csproj", "{9581543F-D7F3-421A-BE83-2B0138F9C0D6}"
EndProject
Global
	GlobalSection(SolutionConfigurationPlatforms) = preSolution
		Debug|Any CPU = Debug|Any CPU
		Release|Any CPU = Release|Any CPU
	EndGlobalSection
	GlobalSection(ProjectConfigurationPlatforms) = postSolution
		{9581543F-D7F3-421A-BE83-2B0138F9C0D6}.Debug|Any CPU.ActiveCfg = Debug|Any CPU
		{9581543F-D7F3-421A-BE83-2B0138F9C0D6}.Debug|Any CPU.Build.0 = Debug|Any CPU
		{9581543F-D7F3-421A-BE83-2B0138F9C0D6}.Release|Any CPU.ActiveCfg = Release|Any CPU
		{9581543F-D7F3-421A-BE83-2B0138F9C0D6}.Release|Any CPU.Build.0 = Release|Any CPU
	EndGlobalSection
	GlobalSection(SolutionProperties) = preSolution
		HideSolutionNode = FALSE
	EndGlobalSection
	GlobalSection(ExtensibilityGlobals) = postSolution
		SolutionGuid = {5EB3F58A-AE43-45FB-8DD4-4D04B304CDED}
	EndGlobalSection
EndGlobal
